
Microsoft Visual Studio Solution File, Format Version 12.00
# Visual Studio Version 16
VisualStudioVersion = 16.0.29806.167
MinimumVisualStudioVersion = 10.0.40219.1
Project("{FAE04EC0-301F-11D3-BF4B-00C04F79EFBC}") = "WeatherAPI", "WeatherAPI\WeatherAPI.csproj", "{4EAE70A8-D4F4-455E-9FCD-F88A9FDFBB8B}"
EndProject
Global
	GlobalSection(SolutionConfigurationPlatforms) = preSolution
		Debug|Any CPU = Debug|Any CPU
		Release|Any CPU = Release|Any CPU
	EndGlobalSection
	GlobalSection(ProjectConfigurationPlatforms) = postSolution
		{4EAE70A8-D4F4-455E-9FCD-F88A9FDFBB8B}.Debug|Any CPU.ActiveCfg = Debug|Any CPU
		{4EAE70A8-D4F4-455E-9FCD-F88A9FDFBB8B}.Debug|Any CPU.Build.0 = Debug|Any CPU
		{4EAE70A8-D4F4-455E-9FCD-F88A9FDFBB8B}.Release|Any CPU.ActiveCfg = Release|Any CPU
		{4EAE70A8-D4F4-455E-9FCD-F88A9FDFBB8B}.Release|Any CPU.Build.0 = Release|Any CPU
	EndGlobalSection
	GlobalSection(SolutionProperties) = preSolution
		HideSolutionNode = FALSE
	EndGlobalSection
	GlobalSection(ExtensibilityGlobals) = postSolution
		SolutionGuid = {21F990CB-52AA-4968-AB63-08D77CC58864}
	EndGlobalSection
EndGlobal
